
Microsoft Visual Studio Solution File, Format Version 12.00
# Visual Studio Version 17
VisualStudioVersion = 17.3.32929.385
MinimumVisualStudioVersion = 10.0.40219.1
Project("{FAE04EC0-301F-11D3-BF4B-00C04F79EFBC}") = "Module2_HW1", "Module2_HW1\Module2_HW1.csproj", "{28EDF321-D6E2-44ED-B245-F45DFCE4027A}"
EndProject
Global
	GlobalSection(SolutionConfigurationPlatforms) = preSolution
		Debug|Any CPU = Debug|Any CPU
		Release|Any CPU = Release|Any CPU
	EndGlobalSection
	GlobalSection(ProjectConfigurationPlatforms) = postSolution
		{28EDF321-D6E2-44ED-B245-F45DFCE4027A}.Debug|Any CPU.ActiveCfg = Debug|Any CPU
		{28EDF321-D6E2-44ED-B245-F45DFCE4027A}.Debug|Any CPU.Build.0 = Debug|Any CPU
		{28EDF321-D6E2-44ED-B245-F45DFCE4027A}.Release|Any CPU.ActiveCfg = Release|Any CPU
		{28EDF321-D6E2-44ED-B245-F45DFCE4027A}.Release|Any CPU.Build.0 = Release|Any CPU
	EndGlobalSection
	GlobalSection(SolutionProperties) = preSolution
		HideSolutionNode = FALSE
	EndGlobalSection
	GlobalSection(ExtensibilityGlobals) = postSolution
		SolutionGuid = {BC2FE9DF-4799-470C-8B19-F43935B529D1}
	EndGlobalSection
EndGlobal
